// !$*UTF8*$!
{
	archiveVersion = 1;
	classes = {
	};
	objectVersion = 48;
	objects = {

/* Begin PBXBuildFile section */
		301D48161F05DD0800F14082 /* main.m in Sources */ = {isa = PBXBuildFile; fileRef = 301D48151F05DD0800F14082 /* main.m */; };
		306281911F067E2A00F0C958 /* InputHandler.m in Sources */ = {isa = PBXBuildFile; fileRef = 306281901F067E2A00F0C958 /* InputHandler.m */; };
		306281941F067EE500F0C958 /* PaymentGateway.m in Sources */ = {isa = PBXBuildFile; fileRef = 306281931F067EE500F0C958 /* PaymentGateway.m */; };
		306281981F06831C00F0C958 /* AmazonPaymentService.m in Sources */ = {isa = PBXBuildFile; fileRef = 306281971F06831C00F0C958 /* AmazonPaymentService.m */; };
		3062819B1F06836E00F0C958 /* StripePaymentService.m in Sources */ = {isa = PBXBuildFile; fileRef = 3062819A1F06836E00F0C958 /* StripePaymentService.m */; };
		3062819E1F06839200F0C958 /* PaypalPaymentService.m in Sources */ = {isa = PBXBuildFile; fileRef = 3062819D1F06839200F0C958 /* PaypalPaymentService.m */; };
/* End PBXBuildFile section */

/* Begin PBXCopyFilesBuildPhase section */
		301D48101F05DD0800F14082 /* CopyFiles */ = {
			isa = PBXCopyFilesBuildPhase;
			buildActionMask = 2147483647;
			dstPath = /usr/share/man/man1/;
			dstSubfolderSpec = 0;
			files = (
			);
			runOnlyForDeploymentPostprocessing = 1;
		};
/* End PBXCopyFilesBuildPhase section */

/* Begin PBXFileReference section */
		301D48121F05DD0800F14082 /* Payments App */ = {isa = PBXFileReference; explicitFileType = "compiled.mach-o.executable"; includeInIndex = 0; path = "Payments App"; sourceTree = BUILT_PRODUCTS_DIR; };
		301D48151F05DD0800F14082 /* main.m */ = {isa = PBXFileReference; lastKnownFileType = sourcecode.c.objc; path = main.m; sourceTree = "<group>"; };
		3062818F1F067E2A00F0C958 /* InputHandler.h */ = {isa = PBXFileReference; lastKnownFileType = sourcecode.c.h; path = InputHandler.h; sourceTree = "<group>"; };
		306281901F067E2A00F0C958 /* InputHandler.m */ = {isa = PBXFileReference; lastKnownFileType = sourcecode.c.objc; path = InputHandler.m; sourceTree = "<group>"; };
		306281921F067EE500F0C958 /* PaymentGateway.h */ = {isa = PBXFileReference; lastKnownFileType = sourcecode.c.h; path = PaymentGateway.h; sourceTree = "<group>"; };
		306281931F067EE500F0C958 /* PaymentGateway.m */ = {isa = PBXFileReference; lastKnownFileType = sourcecode.c.objc; path = PaymentGateway.m; sourceTree = "<group>"; };
		306281951F067F7200F0C958 /* PaymentDelegate.h */ = {isa = PBXFileReference; lastKnownFileType = sourcecode.c.h; path = PaymentDelegate.h; sourceTree = "<group>"; };
		306281961F06831C00F0C958 /* AmazonPaymentService.h */ = {isa = PBXFileReference; lastKnownFileType = sourcecode.c.h; path = AmazonPaymentService.h; sourceTree = "<group>"; };
		306281971F06831C00F0C958 /* AmazonPaymentService.m */ = {isa = PBXFileReference; lastKnownFileType = sourcecode.c.objc; path = AmazonPaymentService.m; sourceTree = "<group>"; };
		306281991F06836E00F0C958 /* StripePaymentService.h */ = {isa = PBXFileReference; lastKnownFileType = sourcecode.c.h; path = StripePaymentService.h; sourceTree = "<group>"; };
		3062819A1F06836E00F0C958 /* StripePaymentService.m */ = {isa = PBXFileReference; lastKnownFileType = sourcecode.c.objc; path = StripePaymentService.m; sourceTree = "<group>"; };
		3062819C1F06839200F0C958 /* PaypalPaymentService.h */ = {isa = PBXFileReference; lastKnownFileType = sourcecode.c.h; path = PaypalPaymentService.h; sourceTree = "<group>"; };
		3062819D1F06839200F0C958 /* PaypalPaymentService.m */ = {isa = PBXFileReference; lastKnownFileType = sourcecode.c.objc; path = PaypalPaymentService.m; sourceTree = "<group>"; };
/* End PBXFileReference section */

/* Begin PBXFrameworksBuildPhase section */
		301D480F1F05DD0800F14082 /* Frameworks */ = {
			isa = PBXFrameworksBuildPhase;
			buildActionMask = 2147483647;
			files = (
			);
			runOnlyForDeploymentPostprocessing = 0;
		};
/* End PBXFrameworksBuildPhase section */

/* Begin PBXGroup section */
		301D48091F05DD0800F14082 = {
			isa = PBXGroup;
			children = (
				301D48141F05DD0800F14082 /* Payments App */,
				301D48131F05DD0800F14082 /* Products */,
			);
			sourceTree = "<group>";
		};
		301D48131F05DD0800F14082 /* Products */ = {
			isa = PBXGroup;
			children = (
				301D48121F05DD0800F14082 /* Payments App */,
			);
			name = Products;
			sourceTree = "<group>";
		};
		301D48141F05DD0800F14082 /* Payments App */ = {
			isa = PBXGroup;
			children = (
				301D48151F05DD0800F14082 /* main.m */,
				306281951F067F7200F0C958 /* PaymentDelegate.h */,
				3062818F1F067E2A00F0C958 /* InputHandler.h */,
				306281901F067E2A00F0C958 /* InputHandler.m */,
				306281921F067EE500F0C958 /* PaymentGateway.h */,
				306281931F067EE500F0C958 /* PaymentGateway.m */,
				306281961F06831C00F0C958 /* AmazonPaymentService.h */,
				306281971F06831C00F0C958 /* AmazonPaymentService.m */,
				306281991F06836E00F0C958 /* StripePaymentService.h */,
				3062819A1F06836E00F0C958 /* StripePaymentService.m */,
				3062819C1F06839200F0C958 /* PaypalPaymentService.h */,
				3062819D1F06839200F0C958 /* PaypalPaymentService.m */,
			);
			path = "Payments App";
			sourceTree = "<group>";
		};
/* End PBXGroup section */

/* Begin PBXNativeTarget section */
		301D48111F05DD0800F14082 /* Payments App */ = {
			isa = PBXNativeTarget;
			buildConfigurationList = 301D48191F05DD0800F14082 /* Build configuration list for PBXNativeTarget "Payments App" */;
			buildPhases = (
				301D480E1F05DD0800F14082 /* Sources */,
				301D480F1F05DD0800F14082 /* Frameworks */,
				301D48101F05DD0800F14082 /* CopyFiles */,
			);
			buildRules = (
			);
			dependencies = (
			);
			name = "Payments App";
			productName = "Payments App";
			productReference = 301D48121F05DD0800F14082 /* Payments App */;
			productType = "com.apple.product-type.tool";
		};
/* End PBXNativeTarget section */

/* Begin PBXProject section */
		301D480A1F05DD0800F14082 /* Project object */ = {
			isa = PBXProject;
			attributes = {
				LastUpgradeCheck = 0900;
				ORGANIZATIONNAME = SamOg;
				TargetAttributes = {
					301D48111F05DD0800F14082 = {
						CreatedOnToolsVersion = 9.0;
					};
				};
			};
			buildConfigurationList = 301D480D1F05DD0800F14082 /* Build configuration list for PBXProject "Payments App" */;
			compatibilityVersion = "Xcode 8.0";
			developmentRegion = en;
			hasScannedForEncodings = 0;
			knownRegions = (
				en,
			);
			mainGroup = 301D48091F05DD0800F14082;
			productRefGroup = 301D48131F05DD0800F14082 /* Products */;
			projectDirPath = "";
			projectRoot = "";
			targets = (
				301D48111F05DD0800F14082 /* Payments App */,
			);
		};
/* End PBXProject section */

/* Begin PBXSourcesBuildPhase section */
		301D480E1F05DD0800F14082 /* Sources */ = {
			isa = PBXSourcesBuildPhase;
			buildActionMask = 2147483647;
			files = (
				3062819B1F06836E00F0C958 /* StripePaymentService.m in Sources */,
				306281941F067EE500F0C958 /* PaymentGateway.m in Sources */,
				301D48161F05DD0800F14082 /* main.m in Sources */,
				306281981F06831C00F0C958 /* AmazonPaymentService.m in Sources */,
				306281911F067E2A00F0C958 /* InputHandler.m in Sources */,
				3062819E1F06839200F0C958 /* PaypalPaymentService.m in Sources */,
			);
			runOnlyForDeploymentPostprocessing = 0;
		};
/* End PBXSourcesBuildPhase section */

/* Begin XCBuildConfiguration section */
		301D48171F05DD0800F14082 /* Debug */ = {
			isa = XCBuildConfiguration;
			buildSettings = {
				ALWAYS_SEARCH_USER_PATHS = NO;
				CLANG_ANALYZER_NONNULL = YES;
				CLANG_ANALYZER_NUMBER_OBJECT_CONVERSION = YES_AGGRESSIVE;
				CLANG_CXX_LANGUAGE_STANDARD = "gnu++14";
				CLANG_CXX_LIBRARY = "libc++";
				CLANG_ENABLE_MODULES = YES;
				CLANG_ENABLE_OBJC_ARC = YES;
				CLANG_WARN_BLOCK_CAPTURE_AUTORELEASING = YES;
				CLANG_WARN_BOOL_CONVERSION = YES;
				CLANG_WARN_COMMA = YES;
				CLANG_WARN_CONSTANT_CONVERSION = YES;
				CLANG_WARN_DIRECT_OBJC_ISA_USAGE = YES_ERROR;
				CLANG_WARN_DOCUMENTATION_COMMENTS = YES;
				CLANG_WARN_EMPTY_BODY = YES;
				CLANG_WARN_ENUM_CONVERSION = YES;
				CLANG_WARN_INFINITE_RECURSION = YES;
				CLANG_WARN_INT_CONVERSION = YES;
				CLANG_WARN_OBJC_ROOT_CLASS = YES_ERROR;
				CLANG_WARN_RANGE_LOOP_ANALYSIS = YES;
				CLANG_WARN_STRICT_PROTOTYPES = YES;
				CLANG_WARN_SUSPICIOUS_MOVE = YES;
				CLANG_WARN_UNGUARDED_AVAILABILITY = YES_AGGRESSIVE;
				CLANG_WARN_UNREACHABLE_CODE = YES;
				CLANG_WARN__DUPLICATE_METHOD_MATCH = YES;
				CODE_SIGN_IDENTITY = "-";
				COPY_PHASE_STRIP = NO;
				DEBUG_INFORMATION_FORMAT = dwarf;
				ENABLE_STRICT_OBJC_MSGSEND = YES;
				ENABLE_TESTABILITY = YES;
				GCC_C_LANGUAGE_STANDARD = gnu11;
				GCC_DYNAMIC_NO_PIC = NO;
				GCC_NO_COMMON_BLOCKS = YES;
				GCC_OPTIMIZATION_LEVEL = 0;
				GCC_PREPROCESSOR_DEFINITIONS = (
					"DEBUG=1",
					"$(inherited)",
				);
				GCC_WARN_64_TO_32_BIT_CONVERSION = YES;
				GCC_WARN_ABOUT_RETURN_TYPE = YES_ERROR;
				GCC_WARN_UNDECLARED_SELECTOR = YES;
				GCC_WARN_UNINITIALIZED_AUTOS = YES_AGGRESSIVE;
				GCC_WARN_UNUSED_FUNCTION = YES;
				GCC_WARN_UNUSED_VARIABLE = YES;
				MACOSX_DEPLOYMENT_TARGET = 10.12;
				MTL_ENABLE_DEBUG_INFO = YES;
				ONLY_ACTIVE_ARCH = YES;
				SDKROOT = macosx;
			};
			name = Debug;
		};
		301D48181F05DD0800F14082 /* Release */ = {
			isa = XCBuildConfiguration;
			buildSettings = {
				ALWAYS_SEARCH_USER_PATHS = NO;
				CLANG_ANALYZER_NONNULL = YES;
				CLANG_ANALYZER_NUMBER_OBJECT_CONVERSION = YES_AGGRESSIVE;
				CLANG_CXX_LANGUAGE_STANDARD = "gnu++14";
				CLANG_CXX_LIBRARY = "libc++";
				CLANG_ENABLE_MODULES = YES;
				CLANG_ENABLE_OBJC_ARC = YES;
				CLANG_WARN_BLOCK_CAPTURE_AUTORELEASING = YES;
				CLANG_WARN_BOOL_CONVERSION = YES;
				CLANG_WARN_COMMA = YES;
				CLANG_WARN_CONSTANT_CONVERSION = YES;
				CLANG_WARN_DIRECT_OBJC_ISA_USAGE = YES_ERROR;
				CLANG_WARN_DOCUMENTATION_COMMENTS = YES;
				CLANG_WARN_EMPTY_BODY = YES;
				CLANG_WARN_ENUM_CONVERSION = YES;
				CLANG_WARN_INFINITE_RECURSION = YES;
				CLANG_WARN_INT_CONVERSION = YES;
				CLANG_WARN_OBJC_ROOT_CLASS = YES_ERROR;
				CLANG_WARN_RANGE_LOOP_ANALYSIS = YES;
				CLANG_WARN_STRICT_PROTOTYPES = YES;
				CLANG_WARN_SUSPICIOUS_MOVE = YES;
				CLANG_WARN_UNGUARDED_AVAILABILITY = YES_AGGRESSIVE;
				CLANG_WARN_UNREACHABLE_CODE = YES;
				CLANG_WARN__DUPLICATE_METHOD_MATCH = YES;
				CODE_SIGN_IDENTITY = "-";
				COPY_PHASE_STRIP = NO;
				DEBUG_INFORMATION_FORMAT = "dwarf-with-dsym";
				ENABLE_NS_ASSERTIONS = NO;
				ENABLE_STRICT_OBJC_MSGSEND = YES;
				GCC_C_LANGUAGE_STANDARD = gnu11;
				GCC_NO_COMMON_BLOCKS = YES;
				GCC_WARN_64_TO_32_BIT_CONVERSION = YES;
				GCC_WARN_ABOUT_RETURN_TYPE = YES_ERROR;
				GCC_WARN_UNDECLARED_SELECTOR = YES;
				GCC_WARN_UNINITIALIZED_AUTOS = YES_AGGRESSIVE;
				GCC_WARN_UNUSED_FUNCTION = YES;
				GCC_WARN_UNUSED_VARIABLE = YES;
				MACOSX_DEPLOYMENT_TARGET = 10.12;
				MTL_ENABLE_DEBUG_INFO = NO;
				SDKROOT = macosx;
			};
			name = Release;
		};
		301D481A1F05DD0800F14082 /* Debug */ = {
			isa = XCBuildConfiguration;
			buildSettings = {
				PRODUCT_NAME = "$(TARGET_NAME)";
			};
			name = Debug;
		};
		301D481B1F05DD0800F14082 /* Release */ = {
			isa = XCBuildConfiguration;
			buildSettings = {
				PRODUCT_NAME = "$(TARGET_NAME)";
			};
			name = Release;
		};
/* End XCBuildConfiguration section */

/* Begin XCConfigurationList section */
		301D480D1F05DD0800F14082 /* Build configuration list for PBXProject "Payments App" */ = {
			isa = XCConfigurationList;
			buildConfigurations = (
				301D48171F05DD0800F14082 /* Debug */,
				301D48181F05DD0800F14082 /* Release */,
			);
			defaultConfigurationIsVisible = 0;
			defaultConfigurationName = Release;
		};
		301D48191F05DD0800F14082 /* Build configuration list for PBXNativeTarget "Payments App" */ = {
			isa = XCConfigurationList;
			buildConfigurations = (
				301D481A1F05DD0800F14082 /* Debug */,
				301D481B1F05DD0800F14082 /* Release */,
			);
			defaultConfigurationIsVisible = 0;
			defaultConfigurationName = Release;
		};
/* End XCConfigurationList section */
	};
	rootObject = 301D480A1F05DD0800F14082 /* Project object */;
}
